{
    "_readme": [
        "This file locks the dependencies of your project to a known state",
        "Read more about it at https://getcomposer.org/doc/01-basic-usage.md#composer-lock-the-lock-file",
        "This file is @generated automatically"
    ],
    "hash": "cc9f5c938c24d34a90bd99a90aa5c73f",
    "content-hash": "16f87284bdfc7643beed4a14b39db526",
    "packages": [
        {
            "name": "crodas/haanga",
            "version": "v1.0.7",
            "source": {
                "type": "git",
                "url": "https://github.com/crodas/Haanga.git",
                "reference": "29f88109c1294415f91842136e9413ae0e6ea3d5"
            },
            "dist": {
                "type": "zip",
                "url": "https://api.github.com/repos/crodas/Haanga/zipball/29f88109c1294415f91842136e9413ae0e6ea3d5",
                "reference": "29f88109c1294415f91842136e9413ae0e6ea3d5",
                "shasum": ""
            },
            "type": "library",
            "autoload": {
                "classmap": [
                    "lib/"
                ]
            },
            "notification-url": "https://packagist.org/downloads/",
            "authors": [
                {
                    "name": "César D. Rodas",
                    "email": "crodas@php.net"
                }
            ],
            "description": "Template compiler for PHP, Django-style (as much as possible). Pretty efficent by avoiding to have anything at run-time.",
            "time": "2016-02-06 07:04:31"
        },
        {
            "name": "frame/frame",
            "version": "dev-develop",
            "source": {
                "type": "git",
                "url": "https://github.com/php-frame/frame.git",
                "reference": "42a4c0055dd8666ad11d3e56b3d7e334038a0329"
            },
            "dist": {
                "type": "zip",
                "url": "https://api.github.com/repos/php-frame/frame/zipball/42a4c0055dd8666ad11d3e56b3d7e334038a0329",
                "reference": "42a4c0055dd8666ad11d3e56b3d7e334038a0329",
                "shasum": ""
            },
            "type": "library",
            "autoload": {
                "psr-0": {
                    "frame\\library\\": [
                        "src/"
                    ]
                }
            },
            "autoload-dev": {
                "psr-0": {
                    "frame\\library\\": [
                        "test/src/"
                    ]
                }
            },
            "license": [
                "MIT"
            ],
            "authors": [
                {
                    "name": "Joris Vandeweerd",
                    "email": "kayalion@kayalion.net"
                }
            ],
            "description": "Frame template engine",
            "support": {
                "source": "https://github.com/php-frame/frame/tree/develop",
                "issues": "https://github.com/php-frame/frame/issues"
            },
            "time": "2016-10-26 00:30:10"
        },
        {
            "name": "latte/latte",
            "version": "v2.4.2",
            "source": {
                "type": "git",
                "url": "https://github.com/nette/latte.git",
                "reference": "7d30f7bfd58cb017c47d7e14ed93286ce2ca1bc9"
            },
            "dist": {
                "type": "zip",
                "url": "https://api.github.com/repos/nette/latte/zipball/7d30f7bfd58cb017c47d7e14ed93286ce2ca1bc9",
                "reference": "7d30f7bfd58cb017c47d7e14ed93286ce2ca1bc9",
                "shasum": ""
            },
            "require": {
                "ext-json": "*",
                "ext-tokenizer": "*",
                "php": ">=5.4.4"
            },
            "conflict": {
                "nette/application": "<2.4.1"
            },
            "require-dev": {
                "nette/tester": "~2.0",
                "tracy/tracy": "^2.3"
            },
            "suggest": {
                "ext-fileinfo": "to use filter |datastream",
                "ext-mbstring": "to use filters like lower, upper, capitalize, ...",
                "ext-xml": "to use filters like length, substring, ..."
            },
            "type": "library",
            "extra": {
                "branch-alias": {
                    "dev-master": "2.4-dev"
                }
            },
            "autoload": {
                "classmap": [
                    "src/"
                ]
            },
            "notification-url": "https://packagist.org/downloads/",
            "license": [
                "BSD-3-Clause",
                "GPL-2.0",
                "GPL-3.0"
            ],
            "authors": [
                {
                    "name": "David Grudl",
                    "homepage": "https://davidgrudl.com"
                },
                {
                    "name": "Nette Community",
                    "homepage": "https://nette.org/contributors"
                }
            ],
            "description": "Latte: the amazing template engine for PHP",
            "homepage": "https://latte.nette.org",
            "keywords": [
                "templating",
                "twig"
            ],
            "time": "2016-09-27 13:10:19"
        },
        {
            "name": "smarty/smarty",
            "version": "v3.1.30",
            "source": {
                "type": "git",
                "url": "https://github.com/smarty-php/smarty.git",
                "reference": "ed2b7f1146cfda13df1eea8a5f707a1b771b6e7e"
            },
            "dist": {
                "type": "zip",
                "url": "https://api.github.com/repos/smarty-php/smarty/zipball/ed2b7f1146cfda13df1eea8a5f707a1b771b6e7e",
                "reference": "ed2b7f1146cfda13df1eea8a5f707a1b771b6e7e",
                "shasum": ""
            },
            "require": {
                "php": ">=5.2"
            },
            "type": "library",
            "extra": {
                "branch-alias": {
                    "dev-master": "3.1.x-dev"
                }
            },
            "autoload": {
                "classmap": [
                    "libs/Smarty.class.php",
                    "libs/SmartyBC.class.php",
                    "libs/sysplugins/"
                ]
            },
            "notification-url": "https://packagist.org/downloads/",
            "license": [
                "LGPL-3.0"
            ],
            "authors": [
                {
                    "name": "Monte Ohrt",
                    "email": "monte@ohrt.com"
                },
                {
                    "name": "Uwe Tews",
                    "email": "uwe.tews@googlemail.com"
                },
                {
                    "name": "Rodney Rehm",
                    "email": "rodney.rehm@medialize.de"
                }
            ],
            "description": "Smarty - the compiling PHP template engine",
            "homepage": "http://www.smarty.net",
            "keywords": [
                "templating"
            ],
            "time": "2016-08-07 18:46:49"
        },
        {
            "name": "twig/twig",
            "version": "v1.27.0",
            "source": {
                "type": "git",
                "url": "https://github.com/twigphp/Twig.git",
                "reference": "3c6c0033fd3b5679c6e1cb60f4f9766c2b424d97"
            },
            "dist": {
                "type": "zip",
                "url": "https://api.github.com/repos/twigphp/Twig/zipball/3c6c0033fd3b5679c6e1cb60f4f9766c2b424d97",
                "reference": "3c6c0033fd3b5679c6e1cb60f4f9766c2b424d97",
                "shasum": ""
            },
            "require": {
                "php": ">=5.2.7"
            },
            "require-dev": {
                "symfony/debug": "~2.7",
                "symfony/phpunit-bridge": "~2.7"
            },
            "type": "library",
            "extra": {
                "branch-alias": {
                    "dev-master": "1.27-dev"
                }
            },
            "autoload": {
                "psr-0": {
                    "Twig_": "lib/"
                }
            },
            "notification-url": "https://packagist.org/downloads/",
            "license": [
                "BSD-3-Clause"
            ],
            "authors": [
                {
                    "name": "Fabien Potencier",
                    "email": "fabien@symfony.com",
                    "homepage": "http://fabien.potencier.org",
                    "role": "Lead Developer"
                },
                {
                    "name": "Armin Ronacher",
                    "email": "armin.ronacher@active-4.com",
                    "role": "Project Founder"
                },
                {
                    "name": "Twig Team",
                    "homepage": "http://twig.sensiolabs.org/contributors",
                    "role": "Contributors"
                }
            ],
            "description": "Twig, the flexible, fast, and secure template language for PHP",
            "homepage": "http://twig.sensiolabs.org",
            "keywords": [
                "templating"
            ],
            "time": "2016-10-25 19:17:17"
        }
    ],
    "packages-dev": [],
    "aliases": [],
    "minimum-stability": "stable",
    "stability-flags": {
        "frame/frame": 20
    },
    "prefer-stable": false,
    "prefer-lowest": false,
    "platform": [],
    "platform-dev": []
}
